
Microsoft Visual Studio Solution File, Format Version 12.00
# Visual Studio Version 17
VisualStudioVersion = 17.7.34221.43
MinimumVisualStudioVersion = 10.0.40219.1
Project("{9A19103F-16F7-4668-BE54-9A1E7A4F7556}") = "SimpleTrader.Domain", "SimpleTrader.Domain\SimpleTrader.Domain.csproj", "{C2E19CCC-5AA6-46CF-8BCD-05ECE57DDBCF}"
EndProject
Project("{9A19103F-16F7-4668-BE54-9A1E7A4F7556}") = "SimpleTrader.EntityFramework", "SimpleTrader.EntityFramework\SimpleTrader.EntityFramework.csproj", "{9E6051EE-8E2C-4DCE-BAC9-029E3D004A51}"
EndProject
Project("{9A19103F-16F7-4668-BE54-9A1E7A4F7556}") = "SimpleTrader.WPF", "SimpleTrader.WPF\SimpleTrader.WPF.csproj", "{9FDC900F-6013-4752-B079-776B028F413A}"
EndProject
Project("{FAE04EC0-301F-11D3-BF4B-00C04F79EFBC}") = "SimpleTrader.FinancialModelingPrep", "SimpleTrader.FinancialModelingPrep\SimpleTrader.FinancialModelingPrep.csproj", "{51861A06-DCD0-436E-A2DB-F2C7CC4A3CEA}"
EndProject
Global
	GlobalSection(SolutionConfigurationPlatforms) = preSolution
		Debug|Any CPU = Debug|Any CPU
		Release|Any CPU = Release|Any CPU
	EndGlobalSection
	GlobalSection(ProjectConfigurationPlatforms) = postSolution
		{C2E19CCC-5AA6-46CF-8BCD-05ECE57DDBCF}.Debug|Any CPU.ActiveCfg = Debug|Any CPU
		{C2E19CCC-5AA6-46CF-8BCD-05ECE57DDBCF}.Debug|Any CPU.Build.0 = Debug|Any CPU
		{C2E19CCC-5AA6-46CF-8BCD-05ECE57DDBCF}.Release|Any CPU.ActiveCfg = Release|Any CPU
		{C2E19CCC-5AA6-46CF-8BCD-05ECE57DDBCF}.Release|Any CPU.Build.0 = Release|Any CPU
		{9E6051EE-8E2C-4DCE-BAC9-029E3D004A51}.Debug|Any CPU.ActiveCfg = Debug|Any CPU
		{9E6051EE-8E2C-4DCE-BAC9-029E3D004A51}.Debug|Any CPU.Build.0 = Debug|Any CPU
		{9E6051EE-8E2C-4DCE-BAC9-029E3D004A51}.Release|Any CPU.ActiveCfg = Release|Any CPU
		{9E6051EE-8E2C-4DCE-BAC9-029E3D004A51}.Release|Any CPU.Build.0 = Release|Any CPU
		{9FDC900F-6013-4752-B079-776B028F413A}.Debug|Any CPU.ActiveCfg = Debug|Any CPU
		{9FDC900F-6013-4752-B079-776B028F413A}.Debug|Any CPU.Build.0 = Debug|Any CPU
		{9FDC900F-6013-4752-B079-776B028F413A}.Release|Any CPU.ActiveCfg = Release|Any CPU
		{9FDC900F-6013-4752-B079-776B028F413A}.Release|Any CPU.Build.0 = Release|Any CPU
		{51861A06-DCD0-436E-A2DB-F2C7CC4A3CEA}.Debug|Any CPU.ActiveCfg = Debug|Any CPU
		{51861A06-DCD0-436E-A2DB-F2C7CC4A3CEA}.Debug|Any CPU.Build.0 = Debug|Any CPU
		{51861A06-DCD0-436E-A2DB-F2C7CC4A3CEA}.Release|Any CPU.ActiveCfg = Release|Any CPU
		{51861A06-DCD0-436E-A2DB-F2C7CC4A3CEA}.Release|Any CPU.Build.0 = Release|Any CPU
	EndGlobalSection
	GlobalSection(SolutionProperties) = preSolution
		HideSolutionNode = FALSE
	EndGlobalSection
	GlobalSection(ExtensibilityGlobals) = postSolution
		SolutionGuid = {3CFB743A-A11E-465D-9C4C-D97ABDC90663}
	EndGlobalSection
EndGlobal
